
Microsoft Visual Studio Solution File, Format Version 12.00
# Visual Studio Version 17
VisualStudioVersion = 17.3.32901.215
MinimumVisualStudioVersion = 10.0.40219.1
Project("{FAE04EC0-301F-11D3-BF4B-00C04F79EFBC}") = "hoangtiendung.Core.Service", "hoangtiendung.Core.Service\hoangtiendung.Core.Service.csproj", "{AEA83ED8-337E-4FEE-BD48-13BF1C988EE2}"
EndProject
Global
	GlobalSection(SolutionConfigurationPlatforms) = preSolution
		Debug|Any CPU = Debug|Any CPU
		Release|Any CPU = Release|Any CPU
	EndGlobalSection
	GlobalSection(ProjectConfigurationPlatforms) = postSolution
		{AEA83ED8-337E-4FEE-BD48-13BF1C988EE2}.Debug|Any CPU.ActiveCfg = Debug|Any CPU
		{AEA83ED8-337E-4FEE-BD48-13BF1C988EE2}.Debug|Any CPU.Build.0 = Debug|Any CPU
		{AEA83ED8-337E-4FEE-BD48-13BF1C988EE2}.Release|Any CPU.ActiveCfg = Release|Any CPU
		{AEA83ED8-337E-4FEE-BD48-13BF1C988EE2}.Release|Any CPU.Build.0 = Release|Any CPU
	EndGlobalSection
	GlobalSection(SolutionProperties) = preSolution
		HideSolutionNode = FALSE
	EndGlobalSection
	GlobalSection(ExtensibilityGlobals) = postSolution
		SolutionGuid = {C241A9A0-11B6-41D7-B4ED-56107036F572}
	EndGlobalSection
EndGlobal
